
Microsoft Visual Studio Solution File, Format Version 12.00
# Visual Studio Version 17
VisualStudioVersion = 17.12.35527.113
MinimumVisualStudioVersion = 10.0.40219.1
Project("{FAE04EC0-301F-11D3-BF4B-00C04F79EFBC}") = "FirstProject", "FirstProject\FirstProject.csproj", "{9A4B928F-C3FB-4899-A9F8-D300FB6ACA41}"
EndProject
Project("{FAE04EC0-301F-11D3-BF4B-00C04F79EFBC}") = "NumericDataTypes", "DataTypes\NumericDataTypes.csproj", "{ECCEC245-C97D-4A1A-AA5E-A936D186DBDD}"
EndProject
Project("{FAE04EC0-301F-11D3-BF4B-00C04F79EFBC}") = "TextBasedDataTypes", "TextBasedDataTypes\TextBasedDataTypes.csproj", "{E3D2C766-D5A7-4D38-ACCA-5A585160E9A0}"
EndProject
Project("{FAE04EC0-301F-11D3-BF4B-00C04F79EFBC}") = "ConvertingStringToNumbers", "ConvertingStringToNumbers\ConvertingStringToNumbers.csproj", "{647596CE-D828-409A-BDAB-CC61A4110616}"
EndProject
Project("{FAE04EC0-301F-11D3-BF4B-00C04F79EFBC}") = "BooleanDataType", "BooleanDataType\BooleanDataType.csproj", "{C888027D-C948-4002-B4A5-81EBF72F4F7D}"
EndProject
Project("{FAE04EC0-301F-11D3-BF4B-00C04F79EFBC}") = "Operators", "Operators\Operators.csproj", "{590E12AE-FE5A-417F-99A5-CCB51AE0F017}"
EndProject
Project("{FAE04EC0-301F-11D3-BF4B-00C04F79EFBC}") = "Remainder", "Remainder\Remainder.csproj", "{5A0BAF46-3D05-4767-8540-C5962E33B24A}"
EndProject
Project("{FAE04EC0-301F-11D3-BF4B-00C04F79EFBC}") = "VarKeyword", "VarKeyword\VarKeyword.csproj", "{C6A32FA2-40B5-4610-B927-644559945487}"
EndProject
Project("{FAE04EC0-301F-11D3-BF4B-00C04F79EFBC}") = "ConstKeyword", "ConstKeyword\ConstKeyword.csproj", "{948E0FB4-A087-4D7F-B504-7D9865EFF8AA}"
EndProject
Project("{FAE04EC0-301F-11D3-BF4B-00C04F79EFBC}") = "StoringUserData", "StoringUserData\StoringUserData.csproj", "{D3CB51B0-B6AE-4802-9CF2-9DDCB447D798}"
EndProject
Project("{FAE04EC0-301F-11D3-BF4B-00C04F79EFBC}") = "OddEvenChecker", "OddEvenChecker\OddEvenChecker.csproj", "{E7822C6A-7F43-4728-93AC-7F9B967AE396}"
EndProject
Project("{FAE04EC0-301F-11D3-BF4B-00C04F79EFBC}") = "ConsoleInputOutput", "ConsoleInputOutput\ConsoleInputOutput.csproj", "{A51624D1-941A-45E1-9033-191E1AAD94E8}"
EndProject
Project("{FAE04EC0-301F-11D3-BF4B-00C04F79EFBC}") = "IfStatement", "IfStatement\IfStatement.csproj", "{2296E378-A037-4DCE-8E1C-1DDBEA6EFCA0}"
EndProject
Project("{FAE04EC0-301F-11D3-BF4B-00C04F79EFBC}") = "Switch", "Switch\Switch.csproj", "{B8D70315-82AF-467B-A022-DBF393CA5C27}"
EndProject
Project("{FAE04EC0-301F-11D3-BF4B-00C04F79EFBC}") = "For", "For\For.csproj", "{21DAD213-F98A-44D5-8EC7-27DA1AB091DC}"
EndProject
Project("{FAE04EC0-301F-11D3-BF4B-00C04F79EFBC}") = "While", "While\While.csproj", "{965E0749-4E30-422B-8CFC-012CE62CC150}"
EndProject
Project("{FAE04EC0-301F-11D3-BF4B-00C04F79EFBC}") = "ConditionalOperator", "ConditionalOperator\ConditionalOperator.csproj", "{3B0B4652-22E7-4AED-A438-1C789BD012DD}"
EndProject
Project("{FAE04EC0-301F-11D3-BF4B-00C04F79EFBC}") = "NumericFormatting", "NumericFormatting\NumericFormatting.csproj", "{156A3415-AD1D-469B-A93B-50E46DC7FBF4}"
EndProject
Project("{FAE04EC0-301F-11D3-BF4B-00C04F79EFBC}") = "TryParseFunction", "TryParseFunction\TryParseFunction.csproj", "{09803300-989F-4D61-8205-A9A6F1C0ED30}"
EndProject
Project("{FAE04EC0-301F-11D3-BF4B-00C04F79EFBC}") = "VerbatimStringLiteral", "VerbatismStringLiteral\VerbatimStringLiteral.csproj", "{AFCBFCBC-5D50-4AB4-BB92-328CE15E5BAC}"
EndProject
Project("{FAE04EC0-301F-11D3-BF4B-00C04F79EFBC}") = "StringFormatting", "StringFormatting\StringFormatting.csproj", "{CF535810-A563-44E2-91AB-56B416C01A50}"
EndProject
Project("{FAE04EC0-301F-11D3-BF4B-00C04F79EFBC}") = "StringInterpolation", "StringInterpolation\StringInterpolation.csproj", "{068BB000-3015-4D3B-8D06-96B8DEEC8B41}"
EndProject
Project("{FAE04EC0-301F-11D3-BF4B-00C04F79EFBC}") = "EmptyString", "EmptyString\EmptyString.csproj", "{E77191A3-4FF5-4ADB-9225-F447905A0448}"
EndProject
Project("{FAE04EC0-301F-11D3-BF4B-00C04F79EFBC}") = "StrnigEqual", "StrnigEqual\StrnigEqual.csproj", "{15C0036D-0E68-4DBF-9A27-B315F68662B7}"
EndProject
Project("{FAE04EC0-301F-11D3-BF4B-00C04F79EFBC}") = "StringIteration", "StringIteration\StringIteration.csproj", "{36561F84-EDB5-426C-9CC2-8F7241F5F0C7}"
EndProject
Project("{FAE04EC0-301F-11D3-BF4B-00C04F79EFBC}") = "StringIsNullOrEmpty", "StringIsNullOrEmpty\StringIsNullOrEmpty.csproj", "{8933F6A6-AFB8-46DE-8DB1-96BCC5B03336}"
EndProject
Project("{FAE04EC0-301F-11D3-BF4B-00C04F79EFBC}") = "PrintStringInReverse", "PrintStringInReverse\PrintStringInReverse.csproj", "{DFB905DF-7E1E-49E5-8180-9CA7CE27E908}"
EndProject
Project("{FAE04EC0-301F-11D3-BF4B-00C04F79EFBC}") = "Arrays", "Arrays\Arrays.csproj", "{E7512AE3-3766-4BA7-A0ED-8A760EE81B7A}"
EndProject
Project("{FAE04EC0-301F-11D3-BF4B-00C04F79EFBC}") = "Sort", "Sort\Sort.csproj", "{1D178C64-DCB8-4E31-8B1C-66D881DD250F}"
EndProject
Global
	GlobalSection(SolutionConfigurationPlatforms) = preSolution
		Debug|Any CPU = Debug|Any CPU
		Release|Any CPU = Release|Any CPU
	EndGlobalSection
	GlobalSection(ProjectConfigurationPlatforms) = postSolution
		{9A4B928F-C3FB-4899-A9F8-D300FB6ACA41}.Debug|Any CPU.ActiveCfg = Debug|Any CPU
		{9A4B928F-C3FB-4899-A9F8-D300FB6ACA41}.Debug|Any CPU.Build.0 = Debug|Any CPU
		{9A4B928F-C3FB-4899-A9F8-D300FB6ACA41}.Release|Any CPU.ActiveCfg = Release|Any CPU
		{9A4B928F-C3FB-4899-A9F8-D300FB6ACA41}.Release|Any CPU.Build.0 = Release|Any CPU
		{ECCEC245-C97D-4A1A-AA5E-A936D186DBDD}.Debug|Any CPU.ActiveCfg = Debug|Any CPU
		{ECCEC245-C97D-4A1A-AA5E-A936D186DBDD}.Debug|Any CPU.Build.0 = Debug|Any CPU
		{ECCEC245-C97D-4A1A-AA5E-A936D186DBDD}.Release|Any CPU.ActiveCfg = Release|Any CPU
		{ECCEC245-C97D-4A1A-AA5E-A936D186DBDD}.Release|Any CPU.Build.0 = Release|Any CPU
		{E3D2C766-D5A7-4D38-ACCA-5A585160E9A0}.Debug|Any CPU.ActiveCfg = Debug|Any CPU
		{E3D2C766-D5A7-4D38-ACCA-5A585160E9A0}.Debug|Any CPU.Build.0 = Debug|Any CPU
		{E3D2C766-D5A7-4D38-ACCA-5A585160E9A0}.Release|Any CPU.ActiveCfg = Release|Any CPU
		{E3D2C766-D5A7-4D38-ACCA-5A585160E9A0}.Release|Any CPU.Build.0 = Release|Any CPU
		{647596CE-D828-409A-BDAB-CC61A4110616}.Debug|Any CPU.ActiveCfg = Debug|Any CPU
		{647596CE-D828-409A-BDAB-CC61A4110616}.Debug|Any CPU.Build.0 = Debug|Any CPU
		{647596CE-D828-409A-BDAB-CC61A4110616}.Release|Any CPU.ActiveCfg = Release|Any CPU
		{647596CE-D828-409A-BDAB-CC61A4110616}.Release|Any CPU.Build.0 = Release|Any CPU
		{C888027D-C948-4002-B4A5-81EBF72F4F7D}.Debug|Any CPU.ActiveCfg = Debug|Any CPU
		{C888027D-C948-4002-B4A5-81EBF72F4F7D}.Debug|Any CPU.Build.0 = Debug|Any CPU
		{C888027D-C948-4002-B4A5-81EBF72F4F7D}.Release|Any CPU.ActiveCfg = Release|Any CPU
		{C888027D-C948-4002-B4A5-81EBF72F4F7D}.Release|Any CPU.Build.0 = Release|Any CPU
		{590E12AE-FE5A-417F-99A5-CCB51AE0F017}.Debug|Any CPU.ActiveCfg = Debug|Any CPU
		{590E12AE-FE5A-417F-99A5-CCB51AE0F017}.Debug|Any CPU.Build.0 = Debug|Any CPU
		{590E12AE-FE5A-417F-99A5-CCB51AE0F017}.Release|Any CPU.ActiveCfg = Release|Any CPU
		{590E12AE-FE5A-417F-99A5-CCB51AE0F017}.Release|Any CPU.Build.0 = Release|Any CPU
		{5A0BAF46-3D05-4767-8540-C5962E33B24A}.Debug|Any CPU.ActiveCfg = Debug|Any CPU
		{5A0BAF46-3D05-4767-8540-C5962E33B24A}.Debug|Any CPU.Build.0 = Debug|Any CPU
		{5A0BAF46-3D05-4767-8540-C5962E33B24A}.Release|Any CPU.ActiveCfg = Release|Any CPU
		{5A0BAF46-3D05-4767-8540-C5962E33B24A}.Release|Any CPU.Build.0 = Release|Any CPU
		{C6A32FA2-40B5-4610-B927-644559945487}.Debug|Any CPU.ActiveCfg = Debug|Any CPU
		{C6A32FA2-40B5-4610-B927-644559945487}.Debug|Any CPU.Build.0 = Debug|Any CPU
		{C6A32FA2-40B5-4610-B927-644559945487}.Release|Any CPU.ActiveCfg = Release|Any CPU
		{C6A32FA2-40B5-4610-B927-644559945487}.Release|Any CPU.Build.0 = Release|Any CPU
		{948E0FB4-A087-4D7F-B504-7D9865EFF8AA}.Debug|Any CPU.ActiveCfg = Debug|Any CPU
		{948E0FB4-A087-4D7F-B504-7D9865EFF8AA}.Debug|Any CPU.Build.0 = Debug|Any CPU
		{948E0FB4-A087-4D7F-B504-7D9865EFF8AA}.Release|Any CPU.ActiveCfg = Release|Any CPU
		{948E0FB4-A087-4D7F-B504-7D9865EFF8AA}.Release|Any CPU.Build.0 = Release|Any CPU
		{D3CB51B0-B6AE-4802-9CF2-9DDCB447D798}.Debug|Any CPU.ActiveCfg = Debug|Any CPU
		{D3CB51B0-B6AE-4802-9CF2-9DDCB447D798}.Debug|Any CPU.Build.0 = Debug|Any CPU
		{D3CB51B0-B6AE-4802-9CF2-9DDCB447D798}.Release|Any CPU.ActiveCfg = Release|Any CPU
		{D3CB51B0-B6AE-4802-9CF2-9DDCB447D798}.Release|Any CPU.Build.0 = Release|Any CPU
		{E7822C6A-7F43-4728-93AC-7F9B967AE396}.Debug|Any CPU.ActiveCfg = Debug|Any CPU
		{E7822C6A-7F43-4728-93AC-7F9B967AE396}.Debug|Any CPU.Build.0 = Debug|Any CPU
		{E7822C6A-7F43-4728-93AC-7F9B967AE396}.Release|Any CPU.ActiveCfg = Release|Any CPU
		{E7822C6A-7F43-4728-93AC-7F9B967AE396}.Release|Any CPU.Build.0 = Release|Any CPU
		{A51624D1-941A-45E1-9033-191E1AAD94E8}.Debug|Any CPU.ActiveCfg = Debug|Any CPU
		{A51624D1-941A-45E1-9033-191E1AAD94E8}.Debug|Any CPU.Build.0 = Debug|Any CPU
		{A51624D1-941A-45E1-9033-191E1AAD94E8}.Release|Any CPU.ActiveCfg = Release|Any CPU
		{A51624D1-941A-45E1-9033-191E1AAD94E8}.Release|Any CPU.Build.0 = Release|Any CPU
		{2296E378-A037-4DCE-8E1C-1DDBEA6EFCA0}.Debug|Any CPU.ActiveCfg = Debug|Any CPU
		{2296E378-A037-4DCE-8E1C-1DDBEA6EFCA0}.Debug|Any CPU.Build.0 = Debug|Any CPU
		{2296E378-A037-4DCE-8E1C-1DDBEA6EFCA0}.Release|Any CPU.ActiveCfg = Release|Any CPU
		{2296E378-A037-4DCE-8E1C-1DDBEA6EFCA0}.Release|Any CPU.Build.0 = Release|Any CPU
		{B8D70315-82AF-467B-A022-DBF393CA5C27}.Debug|Any CPU.ActiveCfg = Debug|Any CPU
		{B8D70315-82AF-467B-A022-DBF393CA5C27}.Debug|Any CPU.Build.0 = Debug|Any CPU
		{B8D70315-82AF-467B-A022-DBF393CA5C27}.Release|Any CPU.ActiveCfg = Release|Any CPU
		{B8D70315-82AF-467B-A022-DBF393CA5C27}.Release|Any CPU.Build.0 = Release|Any CPU
		{21DAD213-F98A-44D5-8EC7-27DA1AB091DC}.Debug|Any CPU.ActiveCfg = Debug|Any CPU
		{21DAD213-F98A-44D5-8EC7-27DA1AB091DC}.Debug|Any CPU.Build.0 = Debug|Any CPU
		{21DAD213-F98A-44D5-8EC7-27DA1AB091DC}.Release|Any CPU.ActiveCfg = Release|Any CPU
		{21DAD213-F98A-44D5-8EC7-27DA1AB091DC}.Release|Any CPU.Build.0 = Release|Any CPU
		{965E0749-4E30-422B-8CFC-012CE62CC150}.Debug|Any CPU.ActiveCfg = Debug|Any CPU
		{965E0749-4E30-422B-8CFC-012CE62CC150}.Debug|Any CPU.Build.0 = Debug|Any CPU
		{965E0749-4E30-422B-8CFC-012CE62CC150}.Release|Any CPU.ActiveCfg = Release|Any CPU
		{965E0749-4E30-422B-8CFC-012CE62CC150}.Release|Any CPU.Build.0 = Release|Any CPU
		{3B0B4652-22E7-4AED-A438-1C789BD012DD}.Debug|Any CPU.ActiveCfg = Debug|Any CPU
		{3B0B4652-22E7-4AED-A438-1C789BD012DD}.Debug|Any CPU.Build.0 = Debug|Any CPU
		{3B0B4652-22E7-4AED-A438-1C789BD012DD}.Release|Any CPU.ActiveCfg = Release|Any CPU
		{3B0B4652-22E7-4AED-A438-1C789BD012DD}.Release|Any CPU.Build.0 = Release|Any CPU
		{156A3415-AD1D-469B-A93B-50E46DC7FBF4}.Debug|Any CPU.ActiveCfg = Debug|Any CPU
		{156A3415-AD1D-469B-A93B-50E46DC7FBF4}.Debug|Any CPU.Build.0 = Debug|Any CPU
		{156A3415-AD1D-469B-A93B-50E46DC7FBF4}.Release|Any CPU.ActiveCfg = Release|Any CPU
		{156A3415-AD1D-469B-A93B-50E46DC7FBF4}.Release|Any CPU.Build.0 = Release|Any CPU
		{09803300-989F-4D61-8205-A9A6F1C0ED30}.Debug|Any CPU.ActiveCfg = Debug|Any CPU
		{09803300-989F-4D61-8205-A9A6F1C0ED30}.Debug|Any CPU.Build.0 = Debug|Any CPU
		{09803300-989F-4D61-8205-A9A6F1C0ED30}.Release|Any CPU.ActiveCfg = Release|Any CPU
		{09803300-989F-4D61-8205-A9A6F1C0ED30}.Release|Any CPU.Build.0 = Release|Any CPU
		{AFCBFCBC-5D50-4AB4-BB92-328CE15E5BAC}.Debug|Any CPU.ActiveCfg = Debug|Any CPU
		{AFCBFCBC-5D50-4AB4-BB92-328CE15E5BAC}.Debug|Any CPU.Build.0 = Debug|Any CPU
		{AFCBFCBC-5D50-4AB4-BB92-328CE15E5BAC}.Release|Any CPU.ActiveCfg = Release|Any CPU
		{AFCBFCBC-5D50-4AB4-BB92-328CE15E5BAC}.Release|Any CPU.Build.0 = Release|Any CPU
		{CF535810-A563-44E2-91AB-56B416C01A50}.Debug|Any CPU.ActiveCfg = Debug|Any CPU
		{CF535810-A563-44E2-91AB-56B416C01A50}.Debug|Any CPU.Build.0 = Debug|Any CPU
		{CF535810-A563-44E2-91AB-56B416C01A50}.Release|Any CPU.ActiveCfg = Release|Any CPU
		{CF535810-A563-44E2-91AB-56B416C01A50}.Release|Any CPU.Build.0 = Release|Any CPU
		{068BB000-3015-4D3B-8D06-96B8DEEC8B41}.Debug|Any CPU.ActiveCfg = Debug|Any CPU
		{068BB000-3015-4D3B-8D06-96B8DEEC8B41}.Debug|Any CPU.Build.0 = Debug|Any CPU
		{068BB000-3015-4D3B-8D06-96B8DEEC8B41}.Release|Any CPU.ActiveCfg = Release|Any CPU
		{068BB000-3015-4D3B-8D06-96B8DEEC8B41}.Release|Any CPU.Build.0 = Release|Any CPU
		{E77191A3-4FF5-4ADB-9225-F447905A0448}.Debug|Any CPU.ActiveCfg = Debug|Any CPU
		{E77191A3-4FF5-4ADB-9225-F447905A0448}.Debug|Any CPU.Build.0 = Debug|Any CPU
		{E77191A3-4FF5-4ADB-9225-F447905A0448}.Release|Any CPU.ActiveCfg = Release|Any CPU
		{E77191A3-4FF5-4ADB-9225-F447905A0448}.Release|Any CPU.Build.0 = Release|Any CPU
		{15C0036D-0E68-4DBF-9A27-B315F68662B7}.Debug|Any CPU.ActiveCfg = Debug|Any CPU
		{15C0036D-0E68-4DBF-9A27-B315F68662B7}.Debug|Any CPU.Build.0 = Debug|Any CPU
		{15C0036D-0E68-4DBF-9A27-B315F68662B7}.Release|Any CPU.ActiveCfg = Release|Any CPU
		{15C0036D-0E68-4DBF-9A27-B315F68662B7}.Release|Any CPU.Build.0 = Release|Any CPU
		{36561F84-EDB5-426C-9CC2-8F7241F5F0C7}.Debug|Any CPU.ActiveCfg = Debug|Any CPU
		{36561F84-EDB5-426C-9CC2-8F7241F5F0C7}.Debug|Any CPU.Build.0 = Debug|Any CPU
		{36561F84-EDB5-426C-9CC2-8F7241F5F0C7}.Release|Any CPU.ActiveCfg = Release|Any CPU
		{36561F84-EDB5-426C-9CC2-8F7241F5F0C7}.Release|Any CPU.Build.0 = Release|Any CPU
		{8933F6A6-AFB8-46DE-8DB1-96BCC5B03336}.Debug|Any CPU.ActiveCfg = Debug|Any CPU
		{8933F6A6-AFB8-46DE-8DB1-96BCC5B03336}.Debug|Any CPU.Build.0 = Debug|Any CPU
		{8933F6A6-AFB8-46DE-8DB1-96BCC5B03336}.Release|Any CPU.ActiveCfg = Release|Any CPU
		{8933F6A6-AFB8-46DE-8DB1-96BCC5B03336}.Release|Any CPU.Build.0 = Release|Any CPU
		{DFB905DF-7E1E-49E5-8180-9CA7CE27E908}.Debug|Any CPU.ActiveCfg = Debug|Any CPU
		{DFB905DF-7E1E-49E5-8180-9CA7CE27E908}.Debug|Any CPU.Build.0 = Debug|Any CPU
		{DFB905DF-7E1E-49E5-8180-9CA7CE27E908}.Release|Any CPU.ActiveCfg = Release|Any CPU
		{DFB905DF-7E1E-49E5-8180-9CA7CE27E908}.Release|Any CPU.Build.0 = Release|Any CPU
		{E7512AE3-3766-4BA7-A0ED-8A760EE81B7A}.Debug|Any CPU.ActiveCfg = Debug|Any CPU
		{E7512AE3-3766-4BA7-A0ED-8A760EE81B7A}.Debug|Any CPU.Build.0 = Debug|Any CPU
		{E7512AE3-3766-4BA7-A0ED-8A760EE81B7A}.Release|Any CPU.ActiveCfg = Release|Any CPU
		{E7512AE3-3766-4BA7-A0ED-8A760EE81B7A}.Release|Any CPU.Build.0 = Release|Any CPU
		{1D178C64-DCB8-4E31-8B1C-66D881DD250F}.Debug|Any CPU.ActiveCfg = Debug|Any CPU
		{1D178C64-DCB8-4E31-8B1C-66D881DD250F}.Debug|Any CPU.Build.0 = Debug|Any CPU
		{1D178C64-DCB8-4E31-8B1C-66D881DD250F}.Release|Any CPU.ActiveCfg = Release|Any CPU
		{1D178C64-DCB8-4E31-8B1C-66D881DD250F}.Release|Any CPU.Build.0 = Release|Any CPU
	EndGlobalSection
	GlobalSection(SolutionProperties) = preSolution
		HideSolutionNode = FALSE
	EndGlobalSection
EndGlobal
