
Microsoft Visual Studio Solution File, Format Version 12.00
# Visual Studio Version 17
VisualStudioVersion = 17.12.35527.113 d17.12
MinimumVisualStudioVersion = 10.0.40219.1
Project("{FAE04EC0-301F-11D3-BF4B-00C04F79EFBC}") = "FirstProject", "FirstProject\FirstProject.csproj", "{9A4B928F-C3FB-4899-A9F8-D300FB6ACA41}"
EndProject
Project("{FAE04EC0-301F-11D3-BF4B-00C04F79EFBC}") = "NumericDataTypes", "DataTypes\NumericDataTypes.csproj", "{ECCEC245-C97D-4A1A-AA5E-A936D186DBDD}"
EndProject
Project("{FAE04EC0-301F-11D3-BF4B-00C04F79EFBC}") = "TextBasedDataTypes", "TextBasedDataTypes\TextBasedDataTypes.csproj", "{E3D2C766-D5A7-4D38-ACCA-5A585160E9A0}"
EndProject
Project("{FAE04EC0-301F-11D3-BF4B-00C04F79EFBC}") = "ConvertingStringToNumbers", "ConvertingStringToNumbers\ConvertingStringToNumbers.csproj", "{647596CE-D828-409A-BDAB-CC61A4110616}"
EndProject
Project("{FAE04EC0-301F-11D3-BF4B-00C04F79EFBC}") = "BooleanDataType", "BooleanDataType\BooleanDataType.csproj", "{C888027D-C948-4002-B4A5-81EBF72F4F7D}"
EndProject
Project("{FAE04EC0-301F-11D3-BF4B-00C04F79EFBC}") = "Operators", "Operators\Operators.csproj", "{590E12AE-FE5A-417F-99A5-CCB51AE0F017}"
EndProject
Project("{FAE04EC0-301F-11D3-BF4B-00C04F79EFBC}") = "Remainder", "Remainder\Remainder.csproj", "{5A0BAF46-3D05-4767-8540-C5962E33B24A}"
EndProject
Project("{FAE04EC0-301F-11D3-BF4B-00C04F79EFBC}") = "VarKeyword", "VarKeyword\VarKeyword.csproj", "{C6A32FA2-40B5-4610-B927-644559945487}"
EndProject
Global
	GlobalSection(SolutionConfigurationPlatforms) = preSolution
		Debug|Any CPU = Debug|Any CPU
		Release|Any CPU = Release|Any CPU
	EndGlobalSection
	GlobalSection(ProjectConfigurationPlatforms) = postSolution
		{9A4B928F-C3FB-4899-A9F8-D300FB6ACA41}.Debug|Any CPU.ActiveCfg = Debug|Any CPU
		{9A4B928F-C3FB-4899-A9F8-D300FB6ACA41}.Debug|Any CPU.Build.0 = Debug|Any CPU
		{9A4B928F-C3FB-4899-A9F8-D300FB6ACA41}.Release|Any CPU.ActiveCfg = Release|Any CPU
		{9A4B928F-C3FB-4899-A9F8-D300FB6ACA41}.Release|Any CPU.Build.0 = Release|Any CPU
		{ECCEC245-C97D-4A1A-AA5E-A936D186DBDD}.Debug|Any CPU.ActiveCfg = Debug|Any CPU
		{ECCEC245-C97D-4A1A-AA5E-A936D186DBDD}.Debug|Any CPU.Build.0 = Debug|Any CPU
		{ECCEC245-C97D-4A1A-AA5E-A936D186DBDD}.Release|Any CPU.ActiveCfg = Release|Any CPU
		{ECCEC245-C97D-4A1A-AA5E-A936D186DBDD}.Release|Any CPU.Build.0 = Release|Any CPU
		{E3D2C766-D5A7-4D38-ACCA-5A585160E9A0}.Debug|Any CPU.ActiveCfg = Debug|Any CPU
		{E3D2C766-D5A7-4D38-ACCA-5A585160E9A0}.Debug|Any CPU.Build.0 = Debug|Any CPU
		{E3D2C766-D5A7-4D38-ACCA-5A585160E9A0}.Release|Any CPU.ActiveCfg = Release|Any CPU
		{E3D2C766-D5A7-4D38-ACCA-5A585160E9A0}.Release|Any CPU.Build.0 = Release|Any CPU
		{647596CE-D828-409A-BDAB-CC61A4110616}.Debug|Any CPU.ActiveCfg = Debug|Any CPU
		{647596CE-D828-409A-BDAB-CC61A4110616}.Debug|Any CPU.Build.0 = Debug|Any CPU
		{647596CE-D828-409A-BDAB-CC61A4110616}.Release|Any CPU.ActiveCfg = Release|Any CPU
		{647596CE-D828-409A-BDAB-CC61A4110616}.Release|Any CPU.Build.0 = Release|Any CPU
		{C888027D-C948-4002-B4A5-81EBF72F4F7D}.Debug|Any CPU.ActiveCfg = Debug|Any CPU
		{C888027D-C948-4002-B4A5-81EBF72F4F7D}.Debug|Any CPU.Build.0 = Debug|Any CPU
		{C888027D-C948-4002-B4A5-81EBF72F4F7D}.Release|Any CPU.ActiveCfg = Release|Any CPU
		{C888027D-C948-4002-B4A5-81EBF72F4F7D}.Release|Any CPU.Build.0 = Release|Any CPU
		{590E12AE-FE5A-417F-99A5-CCB51AE0F017}.Debug|Any CPU.ActiveCfg = Debug|Any CPU
		{590E12AE-FE5A-417F-99A5-CCB51AE0F017}.Debug|Any CPU.Build.0 = Debug|Any CPU
		{590E12AE-FE5A-417F-99A5-CCB51AE0F017}.Release|Any CPU.ActiveCfg = Release|Any CPU
		{590E12AE-FE5A-417F-99A5-CCB51AE0F017}.Release|Any CPU.Build.0 = Release|Any CPU
		{5A0BAF46-3D05-4767-8540-C5962E33B24A}.Debug|Any CPU.ActiveCfg = Debug|Any CPU
		{5A0BAF46-3D05-4767-8540-C5962E33B24A}.Debug|Any CPU.Build.0 = Debug|Any CPU
		{5A0BAF46-3D05-4767-8540-C5962E33B24A}.Release|Any CPU.ActiveCfg = Release|Any CPU
		{5A0BAF46-3D05-4767-8540-C5962E33B24A}.Release|Any CPU.Build.0 = Release|Any CPU
		{C6A32FA2-40B5-4610-B927-644559945487}.Debug|Any CPU.ActiveCfg = Debug|Any CPU
		{C6A32FA2-40B5-4610-B927-644559945487}.Debug|Any CPU.Build.0 = Debug|Any CPU
		{C6A32FA2-40B5-4610-B927-644559945487}.Release|Any CPU.ActiveCfg = Release|Any CPU
		{C6A32FA2-40B5-4610-B927-644559945487}.Release|Any CPU.Build.0 = Release|Any CPU
	EndGlobalSection
	GlobalSection(SolutionProperties) = preSolution
		HideSolutionNode = FALSE
	EndGlobalSection
EndGlobal
